// !$*UTF8*$!
{
	archiveVersion = 1;
	classes = {
	};
	objectVersion = 77;
	objects = {

/* Begin PBXBuildFile section */
		03D8761BBD595A7150E53434 /* ExerciseFieldDefinition.swift in Sources */ = {isa = PBXBuildFile; fileRef = A32329E52A175AB27C2F7B8D /* ExerciseFieldDefinition.swift */; };
		0753711D19844D6D02604055 /* DailyLogValue.swift in Sources */ = {isa = PBXBuildFile; fileRef = CA0F1D75E658F0F6E3D6D435 /* DailyLogValue.swift */; };
		0E80AB6ABED3ABA3A9A911FB /* DailyLogTests.swift in Sources */ = {isa = PBXBuildFile; fileRef = A3019855A88BC355737B55E7 /* DailyLogTests.swift */; };
		111A187E9088E31709B55F20 /* ExerciseFieldRow.swift in Sources */ = {isa = PBXBuildFile; fileRef = ECF5ACC5CDD5A55B63A8C0A5 /* ExerciseFieldRow.swift */; };
		1141F2B4628E5D1100FA655E /* Workout.swift in Sources */ = {isa = PBXBuildFile; fileRef = 2D12CB28977033981A0757A3 /* Workout.swift */; };
		134927A698E4A256AC2837DA /* ExerciseHistorySessionCard.swift in Sources */ = {isa = PBXBuildFile; fileRef = 8309792B51FED13D35BDCA25 /* ExerciseHistorySessionCard.swift */; };
		1A07BC3C0223C9B23B5D916A /* InsightsPlaceholderView.swift in Sources */ = {isa = PBXBuildFile; fileRef = A201A737696A27E4FEDEAB0E /* InsightsPlaceholderView.swift */; };
		1A782BB89FFBDF4EDB0BAC46 /* WorkoutTemplate.swift in Sources */ = {isa = PBXBuildFile; fileRef = 6830C7403FBA6D3728910338 /* WorkoutTemplate.swift */; };
		1DDE217CE12440CA2D409A68 /* DailyLog.swift in Sources */ = {isa = PBXBuildFile; fileRef = CD7533EB724383793B695DC7 /* DailyLog.swift */; };
		1EEEDB1EA53EC4BE906BFADF /* NutritionTests.swift in Sources */ = {isa = PBXBuildFile; fileRef = 717EB7BCD122E41D402B7055 /* NutritionTests.swift */; };
		21CD89A4272311544040251B /* ExerciseServiceTests.swift in Sources */ = {isa = PBXBuildFile; fileRef = 1AFFD988529B2B65E5151F46 /* ExerciseServiceTests.swift */; };
		234D00BA42131C6002611525 /* User.swift in Sources */ = {isa = PBXBuildFile; fileRef = CA10B2CC46C6A736399751C2 /* User.swift */; };
		2499DB22EA6CB87E3D21BA72 /* WorkoutTemplateExercise.swift in Sources */ = {isa = PBXBuildFile; fileRef = 3881C4E022E33425D88BA478 /* WorkoutTemplateExercise.swift */; };
		27FBA2B2B42C730619F9EF3E /* Assets.xcassets in Resources */ = {isa = PBXBuildFile; fileRef = C5F00F78ADF8E5E255707546 /* Assets.xcassets */; };
		2857D08B78C4470CDA63CFCB /* AppErrorTests.swift in Sources */ = {isa = PBXBuildFile; fileRef = 1BCECEE5CBE548992C587342 /* AppErrorTests.swift */; };
		29DAD0880D69095A8A1D3B9D /* MealTemplateItem.swift in Sources */ = {isa = PBXBuildFile; fileRef = A91981493E7FA7A9E829FC03 /* MealTemplateItem.swift */; };
		2C390778D67AE2F11B8DCE08 /* FlagLibraryView.swift in Sources */ = {isa = PBXBuildFile; fileRef = D92E7E02E0E6A24FF98520DB /* FlagLibraryView.swift */; };
		2CD4372D473C99FF0C41A428 /* WorkoutService.swift in Sources */ = {isa = PBXBuildFile; fileRef = 0E59C539424D8387B58F4526 /* WorkoutService.swift */; };
		2EA34EB20EA27A195F5C8FCB /* SaveAsRoutineSheet.swift in Sources */ = {isa = PBXBuildFile; fileRef = A5DF4A2B823E487B2369BBF9 /* SaveAsRoutineSheet.swift */; };
		3647D1EBE217DA06DC805CBC /* ExerciseDetailViewModel.swift in Sources */ = {isa = PBXBuildFile; fileRef = 88C10FA0BC03CBF95BB07776 /* ExerciseDetailViewModel.swift */; };
		36FE453C5DAE29DACBA6F0B7 /* ContentRoot.swift in Sources */ = {isa = PBXBuildFile; fileRef = 3A405FC623E55B7C3DA2BABB /* ContentRoot.swift */; };
		387A652DBC65180E29802771 /* WorkoutHistoryListView.swift in Sources */ = {isa = PBXBuildFile; fileRef = A9094BAB482A65840FDF5A84 /* WorkoutHistoryListView.swift */; };
		3A6472830ED18B92BCF73322 /* Flag.swift in Sources */ = {isa = PBXBuildFile; fileRef = DB7141ED4D3DC7873E38DA51 /* Flag.swift */; };
		3A945608B9D451A822003F5B /* HealthKitOnboardingCard.swift in Sources */ = {isa = PBXBuildFile; fileRef = B2A54B58FCAE4F6A826255BB /* HealthKitOnboardingCard.swift */; };
		3B7F23B9196C0D5F0855B329 /* CustomFieldsSection.swift in Sources */ = {isa = PBXBuildFile; fileRef = DC9BD521E3D0F9D2789C482C /* CustomFieldsSection.swift */; };
		3BCDFFEA524EA3B4F1605D1A /* DailyLogViewModel.swift in Sources */ = {isa = PBXBuildFile; fileRef = 56485ADF6D8D03EDE78C3D5B /* DailyLogViewModel.swift */; };
		3BF35B3F5A5830A9C3985D28 /* RoutineListViewModel.swift in Sources */ = {isa = PBXBuildFile; fileRef = 53F45A211A2A2FFD6B4C7CF5 /* RoutineListViewModel.swift */; };
		3BF60881F88B9496498CD5F3 /* Preview Assets.xcassets in Resources */ = {isa = PBXBuildFile; fileRef = 6983AE97F165CB98A91B5473 /* Preview Assets.xcassets */; };
		42456EEF1531A6FEC3065A6D /* ExerciseDetailView.swift in Sources */ = {isa = PBXBuildFile; fileRef = 03E19C17DA878319D778464A /* ExerciseDetailView.swift */; };
		460CDA83CA8B14F1BD7C576C /* Exercise.swift in Sources */ = {isa = PBXBuildFile; fileRef = 8E148F070448C0838AB3D184 /* Exercise.swift */; };
		48A05B708F99BB85611BB6B7 /* FlagBadge.swift in Sources */ = {isa = PBXBuildFile; fileRef = 46E3848882209330F7B52E8B /* FlagBadge.swift */; };
		4B00A25CCF931AFA89D245D9 /* SupersetGroupIndicator.swift in Sources */ = {isa = PBXBuildFile; fileRef = 811B6F33AEBD93F1528B5280 /* SupersetGroupIndicator.swift */; };
		49721A421DD9183BD512559D /* RecipeIngredient.swift in Sources */ = {isa = PBXBuildFile; fileRef = C764C35D76F3028651165642 /* RecipeIngredient.swift */; };
		49BCD7CCD46669663F552588 /* MainTabView.swift in Sources */ = {isa = PBXBuildFile; fileRef = F376E9389989F11BBFA2FF50 /* MainTabView.swift */; };
		4A205F1B84A811756887F936 /* ExerciseLibraryViewModel.swift in Sources */ = {isa = PBXBuildFile; fileRef = 873DCF75BC29FFE105AC690F /* ExerciseLibraryViewModel.swift */; };
		4A726A90AD1CACEEBC418817 /* RoutineFormViewModel.swift in Sources */ = {isa = PBXBuildFile; fileRef = 2CC72A47C56B131B2207E887 /* RoutineFormViewModel.swift */; };
		4B91775048BEF771120EF599 /* MealCategory.swift in Sources */ = {isa = PBXBuildFile; fileRef = 716A0F91D16E396F061CB6A5 /* MealCategory.swift */; };
		4BCD5E8880597FEE81569064 /* TrainingPlaceholderView.swift in Sources */ = {isa = PBXBuildFile; fileRef = B6B4DD8F37B4AEC869CA7191 /* TrainingPlaceholderView.swift */; };
		4F7EE3E0669C021DC07611C5 /* ExercisePickerView.swift in Sources */ = {isa = PBXBuildFile; fileRef = 55D3DCC9EA9AAF7D2AA0A9DE /* ExercisePickerView.swift */; };
		4FA5225DFABA6C33FC2097C5 /* RoutineFormView.swift in Sources */ = {isa = PBXBuildFile; fileRef = A1A4ED101E40DA0A6D935689 /* RoutineFormView.swift */; };
		50CD779C092DD89A413BFB44 /* WorkoutSetValue.swift in Sources */ = {isa = PBXBuildFile; fileRef = 965F2DA5D0DE1B25FBF15A14 /* WorkoutSetValue.swift */; };
		56F63306EE685B28DC87ACCF /* ExerciseFormViewModel.swift in Sources */ = {isa = PBXBuildFile; fileRef = 19B437AB0555649DD7F958C5 /* ExerciseFormViewModel.swift */; };
		585366FD36FB9C18007D16AD /* DailyLogPlaceholderView.swift in Sources */ = {isa = PBXBuildFile; fileRef = 8E2E705339ABB2E7B45380AC /* DailyLogPlaceholderView.swift */; };
		5D4EB7BD29C679AC007F0DE8 /* HealthKitMetricCard.swift in Sources */ = {isa = PBXBuildFile; fileRef = 7E85C568C03C63AFD4FB3333 /* HealthKitMetricCard.swift */; };
		6186D4A4BB41620E3B90E383 /* AddFieldView.swift in Sources */ = {isa = PBXBuildFile; fileRef = FD320A0057976137A79DA726 /* AddFieldView.swift */; };
		620A5B330DBC585EBD41585C /* RoutineExerciseRow.swift in Sources */ = {isa = PBXBuildFile; fileRef = 09C9A5F024C71299FC52E135 /* RoutineExerciseRow.swift */; };
		62F6835E9E957CBE12E9E6E0 /* ExerciseHistoryViewModel.swift in Sources */ = {isa = PBXBuildFile; fileRef = 7C6443E7764CE9E127AAA3D4 /* ExerciseHistoryViewModel.swift */; };
		65043A9451AC4C885E5DE74D /* ExerciseProgressChart.swift in Sources */ = {isa = PBXBuildFile; fileRef = 1C3CB29739A08C2042721C2E /* ExerciseProgressChart.swift */; };
		678227F3496C38E97B14E407 /* ExerciseLibraryViewModelTests.swift in Sources */ = {isa = PBXBuildFile; fileRef = B6EB0813D264A7A58809B20E /* ExerciseLibraryViewModelTests.swift */; };
		6BBCC6B710190F2FCEE904D2 /* RoutineCardView.swift in Sources */ = {isa = PBXBuildFile; fileRef = 2DCFD375E0A851B7269EC288 /* RoutineCardView.swift */; };
		6F543ACB7A2CB339C25FF22F /* FlagFormView.swift in Sources */ = {isa = PBXBuildFile; fileRef = BDCD4898ADB439795877EC8A /* FlagFormView.swift */; };
		7128C7127716DA69F637FFA4 /* ColorHexTests.swift in Sources */ = {isa = PBXBuildFile; fileRef = 9A3BD597064318230B67BE8F /* ColorHexTests.swift */; };
		7166052A2198B75D18144398 /* ExerciseHistoryView.swift in Sources */ = {isa = PBXBuildFile; fileRef = AAB269FA17BDA801375DD33A /* ExerciseHistoryView.swift */; };
		763403FE6F1C6AEE38343C93 /* FoodItemNutrient.swift in Sources */ = {isa = PBXBuildFile; fileRef = 1FD8AE44808CD6360D724D03 /* FoodItemNutrient.swift */; };
		79EF3D8D3DAA295F8FF68AC2 /* WorkoutTests.swift in Sources */ = {isa = PBXBuildFile; fileRef = 0588015204163D7A248A23F1 /* WorkoutTests.swift */; };
		7C18B651A6974D6B07E4596A /* CustomFieldRow.swift in Sources */ = {isa = PBXBuildFile; fileRef = A75E8E43F4F035CE8982C131 /* CustomFieldRow.swift */; };
		7D4C7DC6F49A46E2A6649D3E /* SmokeTest.swift in Sources */ = {isa = PBXBuildFile; fileRef = A110CCF07C8A6CE641A4C4A6 /* SmokeTest.swift */; };
		7FAF770A408BACBCF360BE47 /* ComboBoxField.swift in Sources */ = {isa = PBXBuildFile; fileRef = FE1A25B31FB0628230DACBF6 /* ComboBoxField.swift */; };
		86630856C3016F484269CFFC /* ActiveWorkoutViewModel.swift in Sources */ = {isa = PBXBuildFile; fileRef = F1F3CD2075B5A3F82C812AE9 /* ActiveWorkoutViewModel.swift */; };
		88593646D3D89BC178545FD5 /* ExerciseFieldDefinitionTests.swift in Sources */ = {isa = PBXBuildFile; fileRef = DD1FBC270A3DC5C57EE1EF98 /* ExerciseFieldDefinitionTests.swift */; };
		89017064482FEF54BF0234FD /* WorkoutDetailView.swift in Sources */ = {isa = PBXBuildFile; fileRef = 2C15E429A46246267C288D5D /* WorkoutDetailView.swift */; };
		8AE593D87848E95E871E0786 /* UserTests.swift in Sources */ = {isa = PBXBuildFile; fileRef = 46B7A208F6EA6BEB9F88F172 /* UserTests.swift */; };
		906BCE83CDC7A9B2A3F41125 /* DailyLogServiceTests.swift in Sources */ = {isa = PBXBuildFile; fileRef = A83686CDA7389144B1139743 /* DailyLogServiceTests.swift */; };
		91061D1BAB61E7364F37C16D /* TestModelContainer.swift in Sources */ = {isa = PBXBuildFile; fileRef = 652ABE892C10950B57A6A33E /* TestModelContainer.swift */; };
		932A85E0FCACE078D445B96C /* Config.swift in Sources */ = {isa = PBXBuildFile; fileRef = 8535713650AD34540BA78160 /* Config.swift */; };
		9D6D9AB558731AB9C679D3B0 /* SyncService.swift in Sources */ = {isa = PBXBuildFile; fileRef = BF131E6CD012DB1E3384BE8B /* SyncService.swift */; };
		9E899BF222D49E5694920BB4 /* APIClient.swift in Sources */ = {isa = PBXBuildFile; fileRef = 9241B76CFE703B00628490B1 /* APIClient.swift */; };
		9FF0A54823724A4F3A6B7863 /* TrainTabView.swift in Sources */ = {isa = PBXBuildFile; fileRef = 593D70DCA9B90955E650FD1D /* TrainTabView.swift */; };
		A39FA97C7445B32ED97A76AD /* TrainTabViewModel.swift in Sources */ = {isa = PBXBuildFile; fileRef = 36B9D07751E6205268FDE5CB /* TrainTabViewModel.swift */; };
		AA32FDD063C9F96D3CF44E92 /* Theme.swift in Sources */ = {isa = PBXBuildFile; fileRef = 42FE4C95FB44AC3E4794720A /* Theme.swift */; };
		AC0DF86B37524E383EF50D7E /* WorkoutTemplateFieldTarget.swift in Sources */ = {isa = PBXBuildFile; fileRef = FE01ABF1D0E46474B9EC6230 /* WorkoutTemplateFieldTarget.swift */; };
		B1E156BAE90982711DB1C5B4 /* ExerciseDetailViewModelTests.swift in Sources */ = {isa = PBXBuildFile; fileRef = C587C314F183D73C188C28EC /* ExerciseDetailViewModelTests.swift */; };
		B2641A78FC84FD5E540935C5 /* ProfilePlaceholderView.swift in Sources */ = {isa = PBXBuildFile; fileRef = 19E091E59768469D1B17C199 /* ProfilePlaceholderView.swift */; };
		B369177E51FC6E41DB7D840B /* CorrelationResultTests.swift in Sources */ = {isa = PBXBuildFile; fileRef = 68C7F790257E5AC2EDC50A3A /* CorrelationResultTests.swift */; };
		B49C7F56E28AABCA83D84725 /* FieldValueInput.swift in Sources */ = {isa = PBXBuildFile; fileRef = 484C7F7E4FE5D26296B92432 /* FieldValueInput.swift */; };
		B5D4A4C2AE6FEC4CB07E4C47 /* CardView.swift in Sources */ = {isa = PBXBuildFile; fileRef = C1648BFA6633E2392B51E460 /* CardView.swift */; };
		BCF8280C7EB94EA8154E9B59 /* DailyLogView.swift in Sources */ = {isa = PBXBuildFile; fileRef = 519016E1E8CD149AC7F0E482 /* DailyLogView.swift */; };
		BF1542B923CA777BD7853F4A /* WorkoutExercise.swift in Sources */ = {isa = PBXBuildFile; fileRef = A19F65AF7E9AB2CDCF7EC719 /* WorkoutExercise.swift */; };
		BF1FD2A072CC359F303AAECC /* WorkoutHistoryRow.swift in Sources */ = {isa = PBXBuildFile; fileRef = ECF0E4A81230306BEF66EA64 /* WorkoutHistoryRow.swift */; };
		C2AEC1BF1C0A7D19FC304821 /* DataSeedService.swift in Sources */ = {isa = PBXBuildFile; fileRef = 06FC5F800560F6E081DBCA46 /* DataSeedService.swift */; };
		C52BB346AE2F073D0BB3DEB2 /* AddCustomFieldSheet.swift in Sources */ = {isa = PBXBuildFile; fileRef = 022381776A20D1F6AEF57301 /* AddCustomFieldSheet.swift */; };
		C605C78A2CA71BBEB7EF0BE1 /* SetEntryRow.swift in Sources */ = {isa = PBXBuildFile; fileRef = 171B9639034C6E7CE66E9E5F /* SetEntryRow.swift */; };
		C6866BDEF84FC0414461AB8B /* CorrelationResult.swift in Sources */ = {isa = PBXBuildFile; fileRef = 4E655870DDD77576B7F19A61 /* CorrelationResult.swift */; };
		C6DF810FF0DD47E65918313E /* WorkoutTemplateService.swift in Sources */ = {isa = PBXBuildFile; fileRef = E964A720D1C4739AE9580030 /* WorkoutTemplateService.swift */; };
		C72B55A5EE8638070CF69D24 /* NutritionTarget.swift in Sources */ = {isa = PBXBuildFile; fileRef = B561368F34F514F0E3372EAA /* NutritionTarget.swift */; };
		C863C18ADB4D422FE1379FF4 /* ExerciseTests.swift in Sources */ = {isa = PBXBuildFile; fileRef = A8771A48155CC5B3DE5A876C /* ExerciseTests.swift */; };
		CA8E7530C1D7AC6174C3DD4A /* ExerciseFormView.swift in Sources */ = {isa = PBXBuildFile; fileRef = DCB86E522F689EC70B495D60 /* ExerciseFormView.swift */; };
		CACFDD6EA16A46334ECC0A8D /* ExerciseFormViewModelTests.swift in Sources */ = {isa = PBXBuildFile; fileRef = 4415404E987A93D8014A892C /* ExerciseFormViewModelTests.swift */; };
		CB3FCDA5F3C925C86A77211E /* Recipe.swift in Sources */ = {isa = PBXBuildFile; fileRef = CEB0259AE7EB7E7148CDA598 /* Recipe.swift */; };
		CC7E67CF58B7A407DFE9C341 /* DailyLogViewModelTests.swift in Sources */ = {isa = PBXBuildFile; fileRef = 97D2D2DC9B26CFD36C49995C /* DailyLogViewModelTests.swift */; };
		CE393DFC1F6A0345B24D5703 /* NutrientDefinition.swift in Sources */ = {isa = PBXBuildFile; fileRef = F1F6D3191DEBF7B02DF7C799 /* NutrientDefinition.swift */; };
		D5DA667D64265DD203931A0A /* DataSeedServiceTests.swift in Sources */ = {isa = PBXBuildFile; fileRef = 8A4B2D93C2E0A5B4930F54EC /* DataSeedServiceTests.swift */; };
		D6804BDD423F79639FE5967A /* GHISAApp.swift in Sources */ = {isa = PBXBuildFile; fileRef = 915EE433F9ABBE3BBC5ACACA /* GHISAApp.swift */; };
		D70FF73B135BF4FD1762B779 /* MealEntry.swift in Sources */ = {isa = PBXBuildFile; fileRef = 66D065A59814D64049AA8C1B /* MealEntry.swift */; };
		D7F9C629AF3DB5DC573B871F /* WorkoutSet.swift in Sources */ = {isa = PBXBuildFile; fileRef = 321E394911A1366E240E053B /* WorkoutSet.swift */; };
		D845EFD797BCEFC9EAAB9B9B /* FieldFormatting.swift in Sources */ = {isa = PBXBuildFile; fileRef = D32D4E5912F8D27E199B37B3 /* FieldFormatting.swift */; };
		4CA6457C1C842BB5EBDBD964 /* SupersetHelpers.swift in Sources */ = {isa = PBXBuildFile; fileRef = EB6BB89C7B3B45AA341EBBCB /* SupersetHelpers.swift */; };
		DAAD70AE0802FB273ED7C8EF /* ExerciseLibraryView.swift in Sources */ = {isa = PBXBuildFile; fileRef = 66EB50C5E457B420ACD6C8B3 /* ExerciseLibraryView.swift */; };
		DCCD3DC4B457552661D2B403 /* ExerciseService.swift in Sources */ = {isa = PBXBuildFile; fileRef = 084C2CAB9586A57D5F325CB2 /* ExerciseService.swift */; };
		DD05E94173B780D423F2D47C /* Color+Hex.swift in Sources */ = {isa = PBXBuildFile; fileRef = 402702F264C4F3B244307DE6 /* Color+Hex.swift */; };
		DF2618CBF63048AA49D58292 /* WorkoutExerciseCard.swift in Sources */ = {isa = PBXBuildFile; fileRef = 6F6AA207A6B51ACBA457FBC5 /* WorkoutExerciseCard.swift */; };
		E313D15B22C6C639CE44D3BC /* HealthKitService.swift in Sources */ = {isa = PBXBuildFile; fileRef = 4AA938A25C1348186156F0E1 /* HealthKitService.swift */; };
		E5B779BD8F31A3A24D002DC4 /* FlagPicker.swift in Sources */ = {isa = PBXBuildFile; fileRef = 4FE896C827F4A0E71A85C2A7 /* FlagPicker.swift */; };
		E612336C073A08FBEEE32873 /* FlagService.swift in Sources */ = {isa = PBXBuildFile; fileRef = F04984F5B52E8142045D16DC /* FlagService.swift */; };
		E8F201E30EAC9050BA6EF739 /* FlagAssignment.swift in Sources */ = {isa = PBXBuildFile; fileRef = C4F19BBFEB5A320718481317 /* FlagAssignment.swift */; };
		E9EF4F5843E57A49CFC17EA5 /* HealthKitMetricGrid.swift in Sources */ = {isa = PBXBuildFile; fileRef = C9E2D8ABEFB1BCA5E2F14653 /* HealthKitMetricGrid.swift */; };
		E9FBE6FAD4B683BC3803B477 /* FoodItem.swift in Sources */ = {isa = PBXBuildFile; fileRef = 353883404B13C867C2CB64C3 /* FoodItem.swift */; };
		EC53991905A14F51D0DC6CB2 /* RoutineListView.swift in Sources */ = {isa = PBXBuildFile; fileRef = 69BF02246892413A68952F3B /* RoutineListView.swift */; };
		F0212D36BA75EF4452716FDE /* DailyLogService.swift in Sources */ = {isa = PBXBuildFile; fileRef = 2BED3B9330AD61D84A7C0F85 /* DailyLogService.swift */; };
		F18EBF1599ED681D77AA2FEF /* DailyLogFieldDefinition.swift in Sources */ = {isa = PBXBuildFile; fileRef = 5786B0A5FF17361A8B4B8678 /* DailyLogFieldDefinition.swift */; };
		F369597C0E521076C05B5BDD /* FlagServiceTests.swift in Sources */ = {isa = PBXBuildFile; fileRef = 5FF458A327E6FF397467A1FE /* FlagServiceTests.swift */; };
		F9E7A3C399553D5C18352657 /* FlagTests.swift in Sources */ = {isa = PBXBuildFile; fileRef = ED14ED7BC6C40A68EE203B96 /* FlagTests.swift */; };
		FC9BE7858288E3A9370972B8 /* ActiveWorkoutView.swift in Sources */ = {isa = PBXBuildFile; fileRef = 1C81F2FF4D6B0BA7AE5C450F /* ActiveWorkoutView.swift */; };
		FCC040D09C8D65B83840ADCF /* CorrelationEngine.swift in Sources */ = {isa = PBXBuildFile; fileRef = 921B1F99E81799BC48EF1BFB /* CorrelationEngine.swift */; };
		FD1F04781FE8800DEA1E6F61 /* AppError.swift in Sources */ = {isa = PBXBuildFile; fileRef = 7A80BCCA53E7D6E97B5523FC /* AppError.swift */; };
		FE767B7154C59BBBBC9ABE04 /* MealTemplate.swift in Sources */ = {isa = PBXBuildFile; fileRef = 70EE518E10FB95ACF1841BB9 /* MealTemplate.swift */; };
/* End PBXBuildFile section */

/* Begin PBXContainerItemProxy section */
		9B6F48F3D1F63A0AF093EFD8 /* PBXContainerItemProxy */ = {
			isa = PBXContainerItemProxy;
			containerPortal = 2B145F5CC379371A02C8EE60 /* Project object */;
			proxyType = 1;
			remoteGlobalIDString = 83CE40A888336F1CB3D848B3;
			remoteInfo = GHISA;
		};
/* End PBXContainerItemProxy section */

/* Begin PBXFileReference section */
		022381776A20D1F6AEF57301 /* AddCustomFieldSheet.swift */ = {isa = PBXFileReference; lastKnownFileType = sourcecode.swift; path = AddCustomFieldSheet.swift; sourceTree = "<group>"; };
		03E19C17DA878319D778464A /* ExerciseDetailView.swift */ = {isa = PBXFileReference; lastKnownFileType = sourcecode.swift; path = ExerciseDetailView.swift; sourceTree = "<group>"; };
		0588015204163D7A248A23F1 /* WorkoutTests.swift */ = {isa = PBXFileReference; lastKnownFileType = sourcecode.swift; path = WorkoutTests.swift; sourceTree = "<group>"; };
		06FC5F800560F6E081DBCA46 /* DataSeedService.swift */ = {isa = PBXFileReference; lastKnownFileType = sourcecode.swift; path = DataSeedService.swift; sourceTree = "<group>"; };
		084C2CAB9586A57D5F325CB2 /* ExerciseService.swift */ = {isa = PBXFileReference; lastKnownFileType = sourcecode.swift; path = ExerciseService.swift; sourceTree = "<group>"; };
		09C9A5F024C71299FC52E135 /* RoutineExerciseRow.swift */ = {isa = PBXFileReference; lastKnownFileType = sourcecode.swift; path = RoutineExerciseRow.swift; sourceTree = "<group>"; };
		0E59C539424D8387B58F4526 /* WorkoutService.swift */ = {isa = PBXFileReference; lastKnownFileType = sourcecode.swift; path = WorkoutService.swift; sourceTree = "<group>"; };
		171B9639034C6E7CE66E9E5F /* SetEntryRow.swift */ = {isa = PBXFileReference; lastKnownFileType = sourcecode.swift; path = SetEntryRow.swift; sourceTree = "<group>"; };
		19B437AB0555649DD7F958C5 /* ExerciseFormViewModel.swift */ = {isa = PBXFileReference; lastKnownFileType = sourcecode.swift; path = ExerciseFormViewModel.swift; sourceTree = "<group>"; };
		19E091E59768469D1B17C199 /* ProfilePlaceholderView.swift */ = {isa = PBXFileReference; lastKnownFileType = sourcecode.swift; path = ProfilePlaceholderView.swift; sourceTree = "<group>"; };
		1AFFD988529B2B65E5151F46 /* ExerciseServiceTests.swift */ = {isa = PBXFileReference; lastKnownFileType = sourcecode.swift; path = ExerciseServiceTests.swift; sourceTree = "<group>"; };
		1BCECEE5CBE548992C587342 /* AppErrorTests.swift */ = {isa = PBXFileReference; lastKnownFileType = sourcecode.swift; path = AppErrorTests.swift; sourceTree = "<group>"; };
		1C3CB29739A08C2042721C2E /* ExerciseProgressChart.swift */ = {isa = PBXFileReference; lastKnownFileType = sourcecode.swift; path = ExerciseProgressChart.swift; sourceTree = "<group>"; };
		1C81F2FF4D6B0BA7AE5C450F /* ActiveWorkoutView.swift */ = {isa = PBXFileReference; lastKnownFileType = sourcecode.swift; path = ActiveWorkoutView.swift; sourceTree = "<group>"; };
		1FD8AE44808CD6360D724D03 /* FoodItemNutrient.swift */ = {isa = PBXFileReference; lastKnownFileType = sourcecode.swift; path = FoodItemNutrient.swift; sourceTree = "<group>"; };
		2BED3B9330AD61D84A7C0F85 /* DailyLogService.swift */ = {isa = PBXFileReference; lastKnownFileType = sourcecode.swift; path = DailyLogService.swift; sourceTree = "<group>"; };
		2C15E429A46246267C288D5D /* WorkoutDetailView.swift */ = {isa = PBXFileReference; lastKnownFileType = sourcecode.swift; path = WorkoutDetailView.swift; sourceTree = "<group>"; };
		2CC72A47C56B131B2207E887 /* RoutineFormViewModel.swift */ = {isa = PBXFileReference; lastKnownFileType = sourcecode.swift; path = RoutineFormViewModel.swift; sourceTree = "<group>"; };
		2D12CB28977033981A0757A3 /* Workout.swift */ = {isa = PBXFileReference; lastKnownFileType = sourcecode.swift; path = Workout.swift; sourceTree = "<group>"; };
		2DCFD375E0A851B7269EC288 /* RoutineCardView.swift */ = {isa = PBXFileReference; lastKnownFileType = sourcecode.swift; path = RoutineCardView.swift; sourceTree = "<group>"; };
		321E394911A1366E240E053B /* WorkoutSet.swift */ = {isa = PBXFileReference; lastKnownFileType = sourcecode.swift; path = WorkoutSet.swift; sourceTree = "<group>"; };
		353883404B13C867C2CB64C3 /* FoodItem.swift */ = {isa = PBXFileReference; lastKnownFileType = sourcecode.swift; path = FoodItem.swift; sourceTree = "<group>"; };
		36B9D07751E6205268FDE5CB /* TrainTabViewModel.swift */ = {isa = PBXFileReference; lastKnownFileType = sourcecode.swift; path = TrainTabViewModel.swift; sourceTree = "<group>"; };
		3881C4E022E33425D88BA478 /* WorkoutTemplateExercise.swift */ = {isa = PBXFileReference; lastKnownFileType = sourcecode.swift; path = WorkoutTemplateExercise.swift; sourceTree = "<group>"; };
		3A405FC623E55B7C3DA2BABB /* ContentRoot.swift */ = {isa = PBXFileReference; lastKnownFileType = sourcecode.swift; path = ContentRoot.swift; sourceTree = "<group>"; };
		402702F264C4F3B244307DE6 /* Color+Hex.swift */ = {isa = PBXFileReference; lastKnownFileType = sourcecode.swift; path = "Color+Hex.swift"; sourceTree = "<group>"; };
		42FE4C95FB44AC3E4794720A /* Theme.swift */ = {isa = PBXFileReference; lastKnownFileType = sourcecode.swift; path = Theme.swift; sourceTree = "<group>"; };
		4415404E987A93D8014A892C /* ExerciseFormViewModelTests.swift */ = {isa = PBXFileReference; lastKnownFileType = sourcecode.swift; path = ExerciseFormViewModelTests.swift; sourceTree = "<group>"; };
		46B7A208F6EA6BEB9F88F172 /* UserTests.swift */ = {isa = PBXFileReference; lastKnownFileType = sourcecode.swift; path = UserTests.swift; sourceTree = "<group>"; };
		46E3848882209330F7B52E8B /* FlagBadge.swift */ = {isa = PBXFileReference; lastKnownFileType = sourcecode.swift; path = FlagBadge.swift; sourceTree = "<group>"; };
		811B6F33AEBD93F1528B5280 /* SupersetGroupIndicator.swift */ = {isa = PBXFileReference; lastKnownFileType = sourcecode.swift; path = SupersetGroupIndicator.swift; sourceTree = "<group>"; };
		484C7F7E4FE5D26296B92432 /* FieldValueInput.swift */ = {isa = PBXFileReference; lastKnownFileType = sourcecode.swift; path = FieldValueInput.swift; sourceTree = "<group>"; };
		4AA938A25C1348186156F0E1 /* HealthKitService.swift */ = {isa = PBXFileReference; lastKnownFileType = sourcecode.swift; path = HealthKitService.swift; sourceTree = "<group>"; };
		4CDADE91237491496414D3E9 /* GHISA.entitlements */ = {isa = PBXFileReference; lastKnownFileType = text.plist.entitlements; path = GHISA.entitlements; sourceTree = "<group>"; };
		4E655870DDD77576B7F19A61 /* CorrelationResult.swift */ = {isa = PBXFileReference; lastKnownFileType = sourcecode.swift; path = CorrelationResult.swift; sourceTree = "<group>"; };
		4FE896C827F4A0E71A85C2A7 /* FlagPicker.swift */ = {isa = PBXFileReference; lastKnownFileType = sourcecode.swift; path = FlagPicker.swift; sourceTree = "<group>"; };
		519016E1E8CD149AC7F0E482 /* DailyLogView.swift */ = {isa = PBXFileReference; lastKnownFileType = sourcecode.swift; path = DailyLogView.swift; sourceTree = "<group>"; };
		53F45A211A2A2FFD6B4C7CF5 /* RoutineListViewModel.swift */ = {isa = PBXFileReference; lastKnownFileType = sourcecode.swift; path = RoutineListViewModel.swift; sourceTree = "<group>"; };
		55D3DCC9EA9AAF7D2AA0A9DE /* ExercisePickerView.swift */ = {isa = PBXFileReference; lastKnownFileType = sourcecode.swift; path = ExercisePickerView.swift; sourceTree = "<group>"; };
		56485ADF6D8D03EDE78C3D5B /* DailyLogViewModel.swift */ = {isa = PBXFileReference; lastKnownFileType = sourcecode.swift; path = DailyLogViewModel.swift; sourceTree = "<group>"; };
		5786B0A5FF17361A8B4B8678 /* DailyLogFieldDefinition.swift */ = {isa = PBXFileReference; lastKnownFileType = sourcecode.swift; path = DailyLogFieldDefinition.swift; sourceTree = "<group>"; };
		593D70DCA9B90955E650FD1D /* TrainTabView.swift */ = {isa = PBXFileReference; lastKnownFileType = sourcecode.swift; path = TrainTabView.swift; sourceTree = "<group>"; };
		5FF458A327E6FF397467A1FE /* FlagServiceTests.swift */ = {isa = PBXFileReference; lastKnownFileType = sourcecode.swift; path = FlagServiceTests.swift; sourceTree = "<group>"; };
		652ABE892C10950B57A6A33E /* TestModelContainer.swift */ = {isa = PBXFileReference; lastKnownFileType = sourcecode.swift; path = TestModelContainer.swift; sourceTree = "<group>"; };
		66D065A59814D64049AA8C1B /* MealEntry.swift */ = {isa = PBXFileReference; lastKnownFileType = sourcecode.swift; path = MealEntry.swift; sourceTree = "<group>"; };
		66EB50C5E457B420ACD6C8B3 /* ExerciseLibraryView.swift */ = {isa = PBXFileReference; lastKnownFileType = sourcecode.swift; path = ExerciseLibraryView.swift; sourceTree = "<group>"; };
		6830C7403FBA6D3728910338 /* WorkoutTemplate.swift */ = {isa = PBXFileReference; lastKnownFileType = sourcecode.swift; path = WorkoutTemplate.swift; sourceTree = "<group>"; };
		68C7F790257E5AC2EDC50A3A /* CorrelationResultTests.swift */ = {isa = PBXFileReference; lastKnownFileType = sourcecode.swift; path = CorrelationResultTests.swift; sourceTree = "<group>"; };
		6983AE97F165CB98A91B5473 /* Preview Assets.xcassets */ = {isa = PBXFileReference; lastKnownFileType = folder.assetcatalog; path = "Preview Assets.xcassets"; sourceTree = "<group>"; };
		69BF02246892413A68952F3B /* RoutineListView.swift */ = {isa = PBXFileReference; lastKnownFileType = sourcecode.swift; path = RoutineListView.swift; sourceTree = "<group>"; };
		6D4301387A659C2F595E4BB6 /* GHISA.app */ = {isa = PBXFileReference; includeInIndex = 0; lastKnownFileType = wrapper.application; path = GHISA.app; sourceTree = BUILT_PRODUCTS_DIR; };
		6F6AA207A6B51ACBA457FBC5 /* WorkoutExerciseCard.swift */ = {isa = PBXFileReference; lastKnownFileType = sourcecode.swift; path = WorkoutExerciseCard.swift; sourceTree = "<group>"; };
		70EE518E10FB95ACF1841BB9 /* MealTemplate.swift */ = {isa = PBXFileReference; lastKnownFileType = sourcecode.swift; path = MealTemplate.swift; sourceTree = "<group>"; };
		716A0F91D16E396F061CB6A5 /* MealCategory.swift */ = {isa = PBXFileReference; lastKnownFileType = sourcecode.swift; path = MealCategory.swift; sourceTree = "<group>"; };
		717EB7BCD122E41D402B7055 /* NutritionTests.swift */ = {isa = PBXFileReference; lastKnownFileType = sourcecode.swift; path = NutritionTests.swift; sourceTree = "<group>"; };
		7A80BCCA53E7D6E97B5523FC /* AppError.swift */ = {isa = PBXFileReference; lastKnownFileType = sourcecode.swift; path = AppError.swift; sourceTree = "<group>"; };
		7C6443E7764CE9E127AAA3D4 /* ExerciseHistoryViewModel.swift */ = {isa = PBXFileReference; lastKnownFileType = sourcecode.swift; path = ExerciseHistoryViewModel.swift; sourceTree = "<group>"; };
		7E85C568C03C63AFD4FB3333 /* HealthKitMetricCard.swift */ = {isa = PBXFileReference; lastKnownFileType = sourcecode.swift; path = HealthKitMetricCard.swift; sourceTree = "<group>"; };
		8309792B51FED13D35BDCA25 /* ExerciseHistorySessionCard.swift */ = {isa = PBXFileReference; lastKnownFileType = sourcecode.swift; path = ExerciseHistorySessionCard.swift; sourceTree = "<group>"; };
		8535713650AD34540BA78160 /* Config.swift */ = {isa = PBXFileReference; lastKnownFileType = sourcecode.swift; path = Config.swift; sourceTree = "<group>"; };
		873DCF75BC29FFE105AC690F /* ExerciseLibraryViewModel.swift */ = {isa = PBXFileReference; lastKnownFileType = sourcecode.swift; path = ExerciseLibraryViewModel.swift; sourceTree = "<group>"; };
		88C10FA0BC03CBF95BB07776 /* ExerciseDetailViewModel.swift */ = {isa = PBXFileReference; lastKnownFileType = sourcecode.swift; path = ExerciseDetailViewModel.swift; sourceTree = "<group>"; };
		8A4B2D93C2E0A5B4930F54EC /* DataSeedServiceTests.swift */ = {isa = PBXFileReference; lastKnownFileType = sourcecode.swift; path = DataSeedServiceTests.swift; sourceTree = "<group>"; };
		8E148F070448C0838AB3D184 /* Exercise.swift */ = {isa = PBXFileReference; lastKnownFileType = sourcecode.swift; path = Exercise.swift; sourceTree = "<group>"; };
		8E2E705339ABB2E7B45380AC /* DailyLogPlaceholderView.swift */ = {isa = PBXFileReference; lastKnownFileType = sourcecode.swift; path = DailyLogPlaceholderView.swift; sourceTree = "<group>"; };
		915EE433F9ABBE3BBC5ACACA /* GHISAApp.swift */ = {isa = PBXFileReference; lastKnownFileType = sourcecode.swift; path = GHISAApp.swift; sourceTree = "<group>"; };
		921B1F99E81799BC48EF1BFB /* CorrelationEngine.swift */ = {isa = PBXFileReference; lastKnownFileType = sourcecode.swift; path = CorrelationEngine.swift; sourceTree = "<group>"; };
		9241B76CFE703B00628490B1 /* APIClient.swift */ = {isa = PBXFileReference; lastKnownFileType = sourcecode.swift; path = APIClient.swift; sourceTree = "<group>"; };
		965F2DA5D0DE1B25FBF15A14 /* WorkoutSetValue.swift */ = {isa = PBXFileReference; lastKnownFileType = sourcecode.swift; path = WorkoutSetValue.swift; sourceTree = "<group>"; };
		97D2D2DC9B26CFD36C49995C /* DailyLogViewModelTests.swift */ = {isa = PBXFileReference; lastKnownFileType = sourcecode.swift; path = DailyLogViewModelTests.swift; sourceTree = "<group>"; };
		9A3BD597064318230B67BE8F /* ColorHexTests.swift */ = {isa = PBXFileReference; lastKnownFileType = sourcecode.swift; path = ColorHexTests.swift; sourceTree = "<group>"; };
		A110CCF07C8A6CE641A4C4A6 /* SmokeTest.swift */ = {isa = PBXFileReference; lastKnownFileType = sourcecode.swift; path = SmokeTest.swift; sourceTree = "<group>"; };
		A19F65AF7E9AB2CDCF7EC719 /* WorkoutExercise.swift */ = {isa = PBXFileReference; lastKnownFileType = sourcecode.swift; path = WorkoutExercise.swift; sourceTree = "<group>"; };
		A1A4ED101E40DA0A6D935689 /* RoutineFormView.swift */ = {isa = PBXFileReference; lastKnownFileType = sourcecode.swift; path = RoutineFormView.swift; sourceTree = "<group>"; };
		A201A737696A27E4FEDEAB0E /* InsightsPlaceholderView.swift */ = {isa = PBXFileReference; lastKnownFileType = sourcecode.swift; path = InsightsPlaceholderView.swift; sourceTree = "<group>"; };
		A3019855A88BC355737B55E7 /* DailyLogTests.swift */ = {isa = PBXFileReference; lastKnownFileType = sourcecode.swift; path = DailyLogTests.swift; sourceTree = "<group>"; };
		A32329E52A175AB27C2F7B8D /* ExerciseFieldDefinition.swift */ = {isa = PBXFileReference; lastKnownFileType = sourcecode.swift; path = ExerciseFieldDefinition.swift; sourceTree = "<group>"; };
		A5DF4A2B823E487B2369BBF9 /* SaveAsRoutineSheet.swift */ = {isa = PBXFileReference; lastKnownFileType = sourcecode.swift; path = SaveAsRoutineSheet.swift; sourceTree = "<group>"; };
		A75E8E43F4F035CE8982C131 /* CustomFieldRow.swift */ = {isa = PBXFileReference; lastKnownFileType = sourcecode.swift; path = CustomFieldRow.swift; sourceTree = "<group>"; };
		A83686CDA7389144B1139743 /* DailyLogServiceTests.swift */ = {isa = PBXFileReference; lastKnownFileType = sourcecode.swift; path = DailyLogServiceTests.swift; sourceTree = "<group>"; };
		A8771A48155CC5B3DE5A876C /* ExerciseTests.swift */ = {isa = PBXFileReference; lastKnownFileType = sourcecode.swift; path = ExerciseTests.swift; sourceTree = "<group>"; };
		A9094BAB482A65840FDF5A84 /* WorkoutHistoryListView.swift */ = {isa = PBXFileReference; lastKnownFileType = sourcecode.swift; path = WorkoutHistoryListView.swift; sourceTree = "<group>"; };
		A91981493E7FA7A9E829FC03 /* MealTemplateItem.swift */ = {isa = PBXFileReference; lastKnownFileType = sourcecode.swift; path = MealTemplateItem.swift; sourceTree = "<group>"; };
		AAB269FA17BDA801375DD33A /* ExerciseHistoryView.swift */ = {isa = PBXFileReference; lastKnownFileType = sourcecode.swift; path = ExerciseHistoryView.swift; sourceTree = "<group>"; };
		AB0847F08096D9CD65DF2CDF /* GHISATests.xctest */ = {isa = PBXFileReference; includeInIndex = 0; lastKnownFileType = wrapper.cfbundle; path = GHISATests.xctest; sourceTree = BUILT_PRODUCTS_DIR; };
		B2A54B58FCAE4F6A826255BB /* HealthKitOnboardingCard.swift */ = {isa = PBXFileReference; lastKnownFileType = sourcecode.swift; path = HealthKitOnboardingCard.swift; sourceTree = "<group>"; };
		B561368F34F514F0E3372EAA /* NutritionTarget.swift */ = {isa = PBXFileReference; lastKnownFileType = sourcecode.swift; path = NutritionTarget.swift; sourceTree = "<group>"; };
		B6B4DD8F37B4AEC869CA7191 /* TrainingPlaceholderView.swift */ = {isa = PBXFileReference; lastKnownFileType = sourcecode.swift; path = TrainingPlaceholderView.swift; sourceTree = "<group>"; };
		B6EB0813D264A7A58809B20E /* ExerciseLibraryViewModelTests.swift */ = {isa = PBXFileReference; lastKnownFileType = sourcecode.swift; path = ExerciseLibraryViewModelTests.swift; sourceTree = "<group>"; };
		BDCD4898ADB439795877EC8A /* FlagFormView.swift */ = {isa = PBXFileReference; lastKnownFileType = sourcecode.swift; path = FlagFormView.swift; sourceTree = "<group>"; };
		BF131E6CD012DB1E3384BE8B /* SyncService.swift */ = {isa = PBXFileReference; lastKnownFileType = sourcecode.swift; path = SyncService.swift; sourceTree = "<group>"; };
		C1648BFA6633E2392B51E460 /* CardView.swift */ = {isa = PBXFileReference; lastKnownFileType = sourcecode.swift; path = CardView.swift; sourceTree = "<group>"; };
		C4F19BBFEB5A320718481317 /* FlagAssignment.swift */ = {isa = PBXFileReference; lastKnownFileType = sourcecode.swift; path = FlagAssignment.swift; sourceTree = "<group>"; };
		C587C314F183D73C188C28EC /* ExerciseDetailViewModelTests.swift */ = {isa = PBXFileReference; lastKnownFileType = sourcecode.swift; path = ExerciseDetailViewModelTests.swift; sourceTree = "<group>"; };
		C5F00F78ADF8E5E255707546 /* Assets.xcassets */ = {isa = PBXFileReference; lastKnownFileType = folder.assetcatalog; path = Assets.xcassets; sourceTree = "<group>"; };
		C764C35D76F3028651165642 /* RecipeIngredient.swift */ = {isa = PBXFileReference; lastKnownFileType = sourcecode.swift; path = RecipeIngredient.swift; sourceTree = "<group>"; };
		C9E2D8ABEFB1BCA5E2F14653 /* HealthKitMetricGrid.swift */ = {isa = PBXFileReference; lastKnownFileType = sourcecode.swift; path = HealthKitMetricGrid.swift; sourceTree = "<group>"; };
		CA0F1D75E658F0F6E3D6D435 /* DailyLogValue.swift */ = {isa = PBXFileReference; lastKnownFileType = sourcecode.swift; path = DailyLogValue.swift; sourceTree = "<group>"; };
		CA10B2CC46C6A736399751C2 /* User.swift */ = {isa = PBXFileReference; lastKnownFileType = sourcecode.swift; path = User.swift; sourceTree = "<group>"; };
		CD7533EB724383793B695DC7 /* DailyLog.swift */ = {isa = PBXFileReference; lastKnownFileType = sourcecode.swift; path = DailyLog.swift; sourceTree = "<group>"; };
		CEB0259AE7EB7E7148CDA598 /* Recipe.swift */ = {isa = PBXFileReference; lastKnownFileType = sourcecode.swift; path = Recipe.swift; sourceTree = "<group>"; };
		D32D4E5912F8D27E199B37B3 /* FieldFormatting.swift */ = {isa = PBXFileReference; lastKnownFileType = sourcecode.swift; path = FieldFormatting.swift; sourceTree = "<group>"; };
		EB6BB89C7B3B45AA341EBBCB /* SupersetHelpers.swift */ = {isa = PBXFileReference; lastKnownFileType = sourcecode.swift; path = SupersetHelpers.swift; sourceTree = "<group>"; };
		D92E7E02E0E6A24FF98520DB /* FlagLibraryView.swift */ = {isa = PBXFileReference; lastKnownFileType = sourcecode.swift; path = FlagLibraryView.swift; sourceTree = "<group>"; };
		DB7141ED4D3DC7873E38DA51 /* Flag.swift */ = {isa = PBXFileReference; lastKnownFileType = sourcecode.swift; path = Flag.swift; sourceTree = "<group>"; };
		DC9BD521E3D0F9D2789C482C /* CustomFieldsSection.swift */ = {isa = PBXFileReference; lastKnownFileType = sourcecode.swift; path = CustomFieldsSection.swift; sourceTree = "<group>"; };
		DCB86E522F689EC70B495D60 /* ExerciseFormView.swift */ = {isa = PBXFileReference; lastKnownFileType = sourcecode.swift; path = ExerciseFormView.swift; sourceTree = "<group>"; };
		DD1FBC270A3DC5C57EE1EF98 /* ExerciseFieldDefinitionTests.swift */ = {isa = PBXFileReference; lastKnownFileType = sourcecode.swift; path = ExerciseFieldDefinitionTests.swift; sourceTree = "<group>"; };
		E964A720D1C4739AE9580030 /* WorkoutTemplateService.swift */ = {isa = PBXFileReference; lastKnownFileType = sourcecode.swift; path = WorkoutTemplateService.swift; sourceTree = "<group>"; };
		ECF0E4A81230306BEF66EA64 /* WorkoutHistoryRow.swift */ = {isa = PBXFileReference; lastKnownFileType = sourcecode.swift; path = WorkoutHistoryRow.swift; sourceTree = "<group>"; };
		ECF5ACC5CDD5A55B63A8C0A5 /* ExerciseFieldRow.swift */ = {isa = PBXFileReference; lastKnownFileType = sourcecode.swift; path = ExerciseFieldRow.swift; sourceTree = "<group>"; };
		ED14ED7BC6C40A68EE203B96 /* FlagTests.swift */ = {isa = PBXFileReference; lastKnownFileType = sourcecode.swift; path = FlagTests.swift; sourceTree = "<group>"; };
		F04984F5B52E8142045D16DC /* FlagService.swift */ = {isa = PBXFileReference; lastKnownFileType = sourcecode.swift; path = FlagService.swift; sourceTree = "<group>"; };
		F1F3CD2075B5A3F82C812AE9 /* ActiveWorkoutViewModel.swift */ = {isa = PBXFileReference; lastKnownFileType = sourcecode.swift; path = ActiveWorkoutViewModel.swift; sourceTree = "<group>"; };
		F1F6D3191DEBF7B02DF7C799 /* NutrientDefinition.swift */ = {isa = PBXFileReference; lastKnownFileType = sourcecode.swift; path = NutrientDefinition.swift; sourceTree = "<group>"; };
		F376E9389989F11BBFA2FF50 /* MainTabView.swift */ = {isa = PBXFileReference; lastKnownFileType = sourcecode.swift; path = MainTabView.swift; sourceTree = "<group>"; };
		FD320A0057976137A79DA726 /* AddFieldView.swift */ = {isa = PBXFileReference; lastKnownFileType = sourcecode.swift; path = AddFieldView.swift; sourceTree = "<group>"; };
		FE01ABF1D0E46474B9EC6230 /* WorkoutTemplateFieldTarget.swift */ = {isa = PBXFileReference; lastKnownFileType = sourcecode.swift; path = WorkoutTemplateFieldTarget.swift; sourceTree = "<group>"; };
		FE1A25B31FB0628230DACBF6 /* ComboBoxField.swift */ = {isa = PBXFileReference; lastKnownFileType = sourcecode.swift; path = ComboBoxField.swift; sourceTree = "<group>"; };
/* End PBXFileReference section */

/* Begin PBXGroup section */
		09A48DE093DB07D9256455C3 /* Products */ = {
			isa = PBXGroup;
			children = (
				6D4301387A659C2F595E4BB6 /* GHISA.app */,
				AB0847F08096D9CD65DF2CDF /* GHISATests.xctest */,
			);
			name = Products;
			sourceTree = "<group>";
		};
		0B08FCAD16FBC953CAB35ED2 /* App */ = {
			isa = PBXGroup;
			children = (
				8535713650AD34540BA78160 /* Config.swift */,
				3A405FC623E55B7C3DA2BABB /* ContentRoot.swift */,
				915EE433F9ABBE3BBC5ACACA /* GHISAApp.swift */,
				F376E9389989F11BBFA2FF50 /* MainTabView.swift */,
			);
			path = App;
			sourceTree = "<group>";
		};
		10697B9C70518A0D161C2B3C /* Utils */ = {
			isa = PBXGroup;
			children = (
				7A80BCCA53E7D6E97B5523FC /* AppError.swift */,
				402702F264C4F3B244307DE6 /* Color+Hex.swift */,
				D32D4E5912F8D27E199B37B3 /* FieldFormatting.swift */,
				EB6BB89C7B3B45AA341EBBCB /* SupersetHelpers.swift */,
				42FE4C95FB44AC3E4794720A /* Theme.swift */,
			);
			path = Utils;
			sourceTree = "<group>";
		};
		17225D02752434D52FCB62A7 /* Services */ = {
			isa = PBXGroup;
			children = (
				9241B76CFE703B00628490B1 /* APIClient.swift */,
				921B1F99E81799BC48EF1BFB /* CorrelationEngine.swift */,
				2BED3B9330AD61D84A7C0F85 /* DailyLogService.swift */,
				06FC5F800560F6E081DBCA46 /* DataSeedService.swift */,
				084C2CAB9586A57D5F325CB2 /* ExerciseService.swift */,
				F04984F5B52E8142045D16DC /* FlagService.swift */,
				4AA938A25C1348186156F0E1 /* HealthKitService.swift */,
				BF131E6CD012DB1E3384BE8B /* SyncService.swift */,
				0E59C539424D8387B58F4526 /* WorkoutService.swift */,
				E964A720D1C4739AE9580030 /* WorkoutTemplateService.swift */,
			);
			path = Services;
			sourceTree = "<group>";
		};
		1D3BE642227D32BC49D3F98C /* Resources */ = {
			isa = PBXGroup;
			children = (
				C5F00F78ADF8E5E255707546 /* Assets.xcassets */,
			);
			path = Resources;
			sourceTree = "<group>";
		};
		2354B54FB0B27A0F9E7D450D /* Models */ = {
			isa = PBXGroup;
			children = (
				68C7F790257E5AC2EDC50A3A /* CorrelationResultTests.swift */,
				A3019855A88BC355737B55E7 /* DailyLogTests.swift */,
				DD1FBC270A3DC5C57EE1EF98 /* ExerciseFieldDefinitionTests.swift */,
				A8771A48155CC5B3DE5A876C /* ExerciseTests.swift */,
				ED14ED7BC6C40A68EE203B96 /* FlagTests.swift */,
				717EB7BCD122E41D402B7055 /* NutritionTests.swift */,
				46B7A208F6EA6BEB9F88F172 /* UserTests.swift */,
				0588015204163D7A248A23F1 /* WorkoutTests.swift */,
			);
			path = Models;
			sourceTree = "<group>";
		};
		3E9042DA9711DBA8DF234907 /* GHISATests */ = {
			isa = PBXGroup;
			children = (
				A110CCF07C8A6CE641A4C4A6 /* SmokeTest.swift */,
				D7FCD7BC384AF1144E398AEE /* Helpers */,
				2354B54FB0B27A0F9E7D450D /* Models */,
				E333302CFDB56C2761A71223 /* Services */,
				76617DB8802623A2A40CE573 /* Utils */,
				5989D00DE8B0357F640E0DBF /* ViewModels */,
			);
			path = GHISATests;
			sourceTree = "<group>";
		};
		47E0283B27D7368BD6D38741 /* GHISA */ = {
			isa = PBXGroup;
			children = (
				4CDADE91237491496414D3E9 /* GHISA.entitlements */,
				0B08FCAD16FBC953CAB35ED2 /* App */,
				D9B46DF0D1DADC0157CADBF8 /* Models */,
				AEB09164EA5D3ADA56845F4A /* Preview Content */,
				1D3BE642227D32BC49D3F98C /* Resources */,
				17225D02752434D52FCB62A7 /* Services */,
				10697B9C70518A0D161C2B3C /* Utils */,
				4EB08ABC2EF74E7A737CC946 /* ViewModels */,
				FB6C11E0B0035F8EB65D5C8B /* Views */,
			);
			path = GHISA;
			sourceTree = "<group>";
		};
		4EB08ABC2EF74E7A737CC946 /* ViewModels */ = {
			isa = PBXGroup;
			children = (
				F1F3CD2075B5A3F82C812AE9 /* ActiveWorkoutViewModel.swift */,
				56485ADF6D8D03EDE78C3D5B /* DailyLogViewModel.swift */,
				88C10FA0BC03CBF95BB07776 /* ExerciseDetailViewModel.swift */,
				19B437AB0555649DD7F958C5 /* ExerciseFormViewModel.swift */,
				7C6443E7764CE9E127AAA3D4 /* ExerciseHistoryViewModel.swift */,
				873DCF75BC29FFE105AC690F /* ExerciseLibraryViewModel.swift */,
				2CC72A47C56B131B2207E887 /* RoutineFormViewModel.swift */,
				53F45A211A2A2FFD6B4C7CF5 /* RoutineListViewModel.swift */,
				36B9D07751E6205268FDE5CB /* TrainTabViewModel.swift */,
			);
			path = ViewModels;
			sourceTree = "<group>";
		};
		5989D00DE8B0357F640E0DBF /* ViewModels */ = {
			isa = PBXGroup;
			children = (
				97D2D2DC9B26CFD36C49995C /* DailyLogViewModelTests.swift */,
				C587C314F183D73C188C28EC /* ExerciseDetailViewModelTests.swift */,
				4415404E987A93D8014A892C /* ExerciseFormViewModelTests.swift */,
				B6EB0813D264A7A58809B20E /* ExerciseLibraryViewModelTests.swift */,
			);
			path = ViewModels;
			sourceTree = "<group>";
		};
		76617DB8802623A2A40CE573 /* Utils */ = {
			isa = PBXGroup;
			children = (
				1BCECEE5CBE548992C587342 /* AppErrorTests.swift */,
				9A3BD597064318230B67BE8F /* ColorHexTests.swift */,
			);
			path = Utils;
			sourceTree = "<group>";
		};
		90E5AE2BCE0645C292157542 /* Insights */ = {
			isa = PBXGroup;
			children = (
				A201A737696A27E4FEDEAB0E /* InsightsPlaceholderView.swift */,
			);
			path = Insights;
			sourceTree = "<group>";
		};
		ADBE0A2DA0B84F8DDAF2582A /* DailyLog */ = {
			isa = PBXGroup;
			children = (
				022381776A20D1F6AEF57301 /* AddCustomFieldSheet.swift */,
				A75E8E43F4F035CE8982C131 /* CustomFieldRow.swift */,
				DC9BD521E3D0F9D2789C482C /* CustomFieldsSection.swift */,
				8E2E705339ABB2E7B45380AC /* DailyLogPlaceholderView.swift */,
				519016E1E8CD149AC7F0E482 /* DailyLogView.swift */,
				7E85C568C03C63AFD4FB3333 /* HealthKitMetricCard.swift */,
				C9E2D8ABEFB1BCA5E2F14653 /* HealthKitMetricGrid.swift */,
				B2A54B58FCAE4F6A826255BB /* HealthKitOnboardingCard.swift */,
			);
			path = DailyLog;
			sourceTree = "<group>";
		};
		AEB09164EA5D3ADA56845F4A /* Preview Content */ = {
			isa = PBXGroup;
			children = (
				6983AE97F165CB98A91B5473 /* Preview Assets.xcassets */,
			);
			path = "Preview Content";
			sourceTree = "<group>";
		};
		D582A1934C9F7E05AD61AB0C = {
			isa = PBXGroup;
			children = (
				47E0283B27D7368BD6D38741 /* GHISA */,
				3E9042DA9711DBA8DF234907 /* GHISATests */,
				09A48DE093DB07D9256455C3 /* Products */,
			);
			sourceTree = "<group>";
		};
		D7FCD7BC384AF1144E398AEE /* Helpers */ = {
			isa = PBXGroup;
			children = (
				652ABE892C10950B57A6A33E /* TestModelContainer.swift */,
			);
			path = Helpers;
			sourceTree = "<group>";
		};
		D9B46DF0D1DADC0157CADBF8 /* Models */ = {
			isa = PBXGroup;
			children = (
				4E655870DDD77576B7F19A61 /* CorrelationResult.swift */,
				CD7533EB724383793B695DC7 /* DailyLog.swift */,
				5786B0A5FF17361A8B4B8678 /* DailyLogFieldDefinition.swift */,
				CA0F1D75E658F0F6E3D6D435 /* DailyLogValue.swift */,
				8E148F070448C0838AB3D184 /* Exercise.swift */,
				A32329E52A175AB27C2F7B8D /* ExerciseFieldDefinition.swift */,
				DB7141ED4D3DC7873E38DA51 /* Flag.swift */,
				C4F19BBFEB5A320718481317 /* FlagAssignment.swift */,
				353883404B13C867C2CB64C3 /* FoodItem.swift */,
				1FD8AE44808CD6360D724D03 /* FoodItemNutrient.swift */,
				716A0F91D16E396F061CB6A5 /* MealCategory.swift */,
				66D065A59814D64049AA8C1B /* MealEntry.swift */,
				70EE518E10FB95ACF1841BB9 /* MealTemplate.swift */,
				A91981493E7FA7A9E829FC03 /* MealTemplateItem.swift */,
				F1F6D3191DEBF7B02DF7C799 /* NutrientDefinition.swift */,
				B561368F34F514F0E3372EAA /* NutritionTarget.swift */,
				CEB0259AE7EB7E7148CDA598 /* Recipe.swift */,
				C764C35D76F3028651165642 /* RecipeIngredient.swift */,
				CA10B2CC46C6A736399751C2 /* User.swift */,
				2D12CB28977033981A0757A3 /* Workout.swift */,
				A19F65AF7E9AB2CDCF7EC719 /* WorkoutExercise.swift */,
				321E394911A1366E240E053B /* WorkoutSet.swift */,
				965F2DA5D0DE1B25FBF15A14 /* WorkoutSetValue.swift */,
				6830C7403FBA6D3728910338 /* WorkoutTemplate.swift */,
				3881C4E022E33425D88BA478 /* WorkoutTemplateExercise.swift */,
				FE01ABF1D0E46474B9EC6230 /* WorkoutTemplateFieldTarget.swift */,
			);
			path = Models;
			sourceTree = "<group>";
		};
		DE7FFD017BA5B689BEE5ED21 /* Training */ = {
			isa = PBXGroup;
			children = (
				1C81F2FF4D6B0BA7AE5C450F /* ActiveWorkoutView.swift */,
				FD320A0057976137A79DA726 /* AddFieldView.swift */,
				03E19C17DA878319D778464A /* ExerciseDetailView.swift */,
				ECF5ACC5CDD5A55B63A8C0A5 /* ExerciseFieldRow.swift */,
				DCB86E522F689EC70B495D60 /* ExerciseFormView.swift */,
				8309792B51FED13D35BDCA25 /* ExerciseHistorySessionCard.swift */,
				AAB269FA17BDA801375DD33A /* ExerciseHistoryView.swift */,
				66EB50C5E457B420ACD6C8B3 /* ExerciseLibraryView.swift */,
				55D3DCC9EA9AAF7D2AA0A9DE /* ExercisePickerView.swift */,
				1C3CB29739A08C2042721C2E /* ExerciseProgressChart.swift */,
				484C7F7E4FE5D26296B92432 /* FieldValueInput.swift */,
				BDCD4898ADB439795877EC8A /* FlagFormView.swift */,
				D92E7E02E0E6A24FF98520DB /* FlagLibraryView.swift */,
				2DCFD375E0A851B7269EC288 /* RoutineCardView.swift */,
				09C9A5F024C71299FC52E135 /* RoutineExerciseRow.swift */,
				A1A4ED101E40DA0A6D935689 /* RoutineFormView.swift */,
				69BF02246892413A68952F3B /* RoutineListView.swift */,
				A5DF4A2B823E487B2369BBF9 /* SaveAsRoutineSheet.swift */,
				171B9639034C6E7CE66E9E5F /* SetEntryRow.swift */,
				B6B4DD8F37B4AEC869CA7191 /* TrainingPlaceholderView.swift */,
				593D70DCA9B90955E650FD1D /* TrainTabView.swift */,
				2C15E429A46246267C288D5D /* WorkoutDetailView.swift */,
				6F6AA207A6B51ACBA457FBC5 /* WorkoutExerciseCard.swift */,
				A9094BAB482A65840FDF5A84 /* WorkoutHistoryListView.swift */,
				ECF0E4A81230306BEF66EA64 /* WorkoutHistoryRow.swift */,
			);
			path = Training;
			sourceTree = "<group>";
		};
		DE83353DF681B32EAB80F1C2 /* Profile */ = {
			isa = PBXGroup;
			children = (
				19E091E59768469D1B17C199 /* ProfilePlaceholderView.swift */,
			);
			path = Profile;
			sourceTree = "<group>";
		};
		DFEB79878A4663C09536F4B4 /* Components */ = {
			isa = PBXGroup;
			children = (
				C1648BFA6633E2392B51E460 /* CardView.swift */,
				FE1A25B31FB0628230DACBF6 /* ComboBoxField.swift */,
				46E3848882209330F7B52E8B /* FlagBadge.swift */,
				811B6F33AEBD93F1528B5280 /* SupersetGroupIndicator.swift */,
				4FE896C827F4A0E71A85C2A7 /* FlagPicker.swift */,
			);
			path = Components;
			sourceTree = "<group>";
		};
		E333302CFDB56C2761A71223 /* Services */ = {
			isa = PBXGroup;
			children = (
				A83686CDA7389144B1139743 /* DailyLogServiceTests.swift */,
				8A4B2D93C2E0A5B4930F54EC /* DataSeedServiceTests.swift */,
				1AFFD988529B2B65E5151F46 /* ExerciseServiceTests.swift */,
				5FF458A327E6FF397467A1FE /* FlagServiceTests.swift */,
			);
			path = Services;
			sourceTree = "<group>";
		};
		FB6C11E0B0035F8EB65D5C8B /* Views */ = {
			isa = PBXGroup;
			children = (
				DFEB79878A4663C09536F4B4 /* Components */,
				ADBE0A2DA0B84F8DDAF2582A /* DailyLog */,
				90E5AE2BCE0645C292157542 /* Insights */,
				DE83353DF681B32EAB80F1C2 /* Profile */,
				DE7FFD017BA5B689BEE5ED21 /* Training */,
			);
			path = Views;
			sourceTree = "<group>";
		};
/* End PBXGroup section */

/* Begin PBXNativeTarget section */
		83CE40A888336F1CB3D848B3 /* GHISA */ = {
			isa = PBXNativeTarget;
			buildConfigurationList = E770CDE76731A53ED6835B0B /* Build configuration list for PBXNativeTarget "GHISA" */;
			buildPhases = (
				C31356618B05C260DC8A4151 /* Sources */,
				B72E6C01E74B2DD9DFE0C9F2 /* SwiftFormat */,
				757DCC1C2C8E106E63353C36 /* SwiftLint */,
				BEB1CDBBA52A4FD8C257A8D8 /* Resources */,
			);
			buildRules = (
			);
			dependencies = (
			);
			name = GHISA;
			packageProductDependencies = (
			);
			productName = GHISA;
			productReference = 6D4301387A659C2F595E4BB6 /* GHISA.app */;
			productType = "com.apple.product-type.application";
		};
		FDA61B1B426AC9153E91BBA0 /* GHISATests */ = {
			isa = PBXNativeTarget;
			buildConfigurationList = 97B734DFB2C07E0C370AA657 /* Build configuration list for PBXNativeTarget "GHISATests" */;
			buildPhases = (
				957C91947F94A6A3F0EA02BE /* Sources */,
			);
			buildRules = (
			);
			dependencies = (
				896774CF49FD5A47A87086E8 /* PBXTargetDependency */,
			);
			name = GHISATests;
			packageProductDependencies = (
			);
			productName = GHISATests;
			productReference = AB0847F08096D9CD65DF2CDF /* GHISATests.xctest */;
			productType = "com.apple.product-type.bundle.unit-test";
		};
/* End PBXNativeTarget section */

/* Begin PBXProject section */
		2B145F5CC379371A02C8EE60 /* Project object */ = {
			isa = PBXProject;
			attributes = {
				BuildIndependentTargetsInParallel = YES;
				LastUpgradeCheck = 1630;
				TargetAttributes = {
					83CE40A888336F1CB3D848B3 = {
						ProvisioningStyle = Automatic;
					};
				};
			};
			buildConfigurationList = 6CC4BE0857BDC665E5EC81B3 /* Build configuration list for PBXProject "GHISA" */;
			developmentRegion = en;
			hasScannedForEncodings = 0;
			knownRegions = (
				Base,
				en,
			);
			mainGroup = D582A1934C9F7E05AD61AB0C;
			minimizedProjectReferenceProxies = 1;
			preferredProjectObjectVersion = 77;
			productRefGroup = 09A48DE093DB07D9256455C3 /* Products */;
			projectDirPath = "";
			projectRoot = "";
			targets = (
				83CE40A888336F1CB3D848B3 /* GHISA */,
				FDA61B1B426AC9153E91BBA0 /* GHISATests */,
			);
		};
/* End PBXProject section */

/* Begin PBXResourcesBuildPhase section */
		BEB1CDBBA52A4FD8C257A8D8 /* Resources */ = {
			isa = PBXResourcesBuildPhase;
			buildActionMask = 2147483647;
			files = (
				27FBA2B2B42C730619F9EF3E /* Assets.xcassets in Resources */,
				3BF60881F88B9496498CD5F3 /* Preview Assets.xcassets in Resources */,
			);
			runOnlyForDeploymentPostprocessing = 0;
		};
/* End PBXResourcesBuildPhase section */

/* Begin PBXShellScriptBuildPhase section */
		757DCC1C2C8E106E63353C36 /* SwiftLint */ = {
			isa = PBXShellScriptBuildPhase;
			alwaysOutOfDate = 1;
			buildActionMask = 2147483647;
			files = (
			);
			inputFileListPaths = (
			);
			inputPaths = (
			);
			name = SwiftLint;
			outputFileListPaths = (
			);
			outputPaths = (
			);
			runOnlyForDeploymentPostprocessing = 0;
			shellPath = /bin/sh;
			shellScript = "if which swiftlint >/dev/null; then\n  swiftlint lint --config \"$SRCROOT/.swiftlint.yml\" \"$SRCROOT/GHISA\" 2>/dev/null || true\nfi\n";
		};
		B72E6C01E74B2DD9DFE0C9F2 /* SwiftFormat */ = {
			isa = PBXShellScriptBuildPhase;
			alwaysOutOfDate = 1;
			buildActionMask = 2147483647;
			files = (
			);
			inputFileListPaths = (
			);
			inputPaths = (
			);
			name = SwiftFormat;
			outputFileListPaths = (
			);
			outputPaths = (
			);
			runOnlyForDeploymentPostprocessing = 0;
			shellPath = /bin/sh;
			shellScript = "if which swiftformat >/dev/null; then\n  swiftformat \"$SRCROOT/GHISA\" --config \"$SRCROOT/.swiftformat\" 2>/dev/null || true\nfi\n";
		};
/* End PBXShellScriptBuildPhase section */

/* Begin PBXSourcesBuildPhase section */
		957C91947F94A6A3F0EA02BE /* Sources */ = {
			isa = PBXSourcesBuildPhase;
			buildActionMask = 2147483647;
			files = (
				2857D08B78C4470CDA63CFCB /* AppErrorTests.swift in Sources */,
				7128C7127716DA69F637FFA4 /* ColorHexTests.swift in Sources */,
				B369177E51FC6E41DB7D840B /* CorrelationResultTests.swift in Sources */,
				906BCE83CDC7A9B2A3F41125 /* DailyLogServiceTests.swift in Sources */,
				0E80AB6ABED3ABA3A9A911FB /* DailyLogTests.swift in Sources */,
				CC7E67CF58B7A407DFE9C341 /* DailyLogViewModelTests.swift in Sources */,
				D5DA667D64265DD203931A0A /* DataSeedServiceTests.swift in Sources */,
				B1E156BAE90982711DB1C5B4 /* ExerciseDetailViewModelTests.swift in Sources */,
				88593646D3D89BC178545FD5 /* ExerciseFieldDefinitionTests.swift in Sources */,
				CACFDD6EA16A46334ECC0A8D /* ExerciseFormViewModelTests.swift in Sources */,
				678227F3496C38E97B14E407 /* ExerciseLibraryViewModelTests.swift in Sources */,
				21CD89A4272311544040251B /* ExerciseServiceTests.swift in Sources */,
				C863C18ADB4D422FE1379FF4 /* ExerciseTests.swift in Sources */,
				F369597C0E521076C05B5BDD /* FlagServiceTests.swift in Sources */,
				F9E7A3C399553D5C18352657 /* FlagTests.swift in Sources */,
				1EEEDB1EA53EC4BE906BFADF /* NutritionTests.swift in Sources */,
				7D4C7DC6F49A46E2A6649D3E /* SmokeTest.swift in Sources */,
				91061D1BAB61E7364F37C16D /* TestModelContainer.swift in Sources */,
				8AE593D87848E95E871E0786 /* UserTests.swift in Sources */,
				79EF3D8D3DAA295F8FF68AC2 /* WorkoutTests.swift in Sources */,
			);
			runOnlyForDeploymentPostprocessing = 0;
		};
		C31356618B05C260DC8A4151 /* Sources */ = {
			isa = PBXSourcesBuildPhase;
			buildActionMask = 2147483647;
			files = (
				9E899BF222D49E5694920BB4 /* APIClient.swift in Sources */,
				FC9BE7858288E3A9370972B8 /* ActiveWorkoutView.swift in Sources */,
				86630856C3016F484269CFFC /* ActiveWorkoutViewModel.swift in Sources */,
				C52BB346AE2F073D0BB3DEB2 /* AddCustomFieldSheet.swift in Sources */,
				6186D4A4BB41620E3B90E383 /* AddFieldView.swift in Sources */,
				FD1F04781FE8800DEA1E6F61 /* AppError.swift in Sources */,
				B5D4A4C2AE6FEC4CB07E4C47 /* CardView.swift in Sources */,
				DD05E94173B780D423F2D47C /* Color+Hex.swift in Sources */,
				7FAF770A408BACBCF360BE47 /* ComboBoxField.swift in Sources */,
				932A85E0FCACE078D445B96C /* Config.swift in Sources */,
				36FE453C5DAE29DACBA6F0B7 /* ContentRoot.swift in Sources */,
				FCC040D09C8D65B83840ADCF /* CorrelationEngine.swift in Sources */,
				C6866BDEF84FC0414461AB8B /* CorrelationResult.swift in Sources */,
				7C18B651A6974D6B07E4596A /* CustomFieldRow.swift in Sources */,
				3B7F23B9196C0D5F0855B329 /* CustomFieldsSection.swift in Sources */,
				1DDE217CE12440CA2D409A68 /* DailyLog.swift in Sources */,
				F18EBF1599ED681D77AA2FEF /* DailyLogFieldDefinition.swift in Sources */,
				585366FD36FB9C18007D16AD /* DailyLogPlaceholderView.swift in Sources */,
				F0212D36BA75EF4452716FDE /* DailyLogService.swift in Sources */,
				0753711D19844D6D02604055 /* DailyLogValue.swift in Sources */,
				BCF8280C7EB94EA8154E9B59 /* DailyLogView.swift in Sources */,
				3BCDFFEA524EA3B4F1605D1A /* DailyLogViewModel.swift in Sources */,
				C2AEC1BF1C0A7D19FC304821 /* DataSeedService.swift in Sources */,
				460CDA83CA8B14F1BD7C576C /* Exercise.swift in Sources */,
				42456EEF1531A6FEC3065A6D /* ExerciseDetailView.swift in Sources */,
				3647D1EBE217DA06DC805CBC /* ExerciseDetailViewModel.swift in Sources */,
				03D8761BBD595A7150E53434 /* ExerciseFieldDefinition.swift in Sources */,
				111A187E9088E31709B55F20 /* ExerciseFieldRow.swift in Sources */,
				CA8E7530C1D7AC6174C3DD4A /* ExerciseFormView.swift in Sources */,
				56F63306EE685B28DC87ACCF /* ExerciseFormViewModel.swift in Sources */,
				134927A698E4A256AC2837DA /* ExerciseHistorySessionCard.swift in Sources */,
				7166052A2198B75D18144398 /* ExerciseHistoryView.swift in Sources */,
				62F6835E9E957CBE12E9E6E0 /* ExerciseHistoryViewModel.swift in Sources */,
				DAAD70AE0802FB273ED7C8EF /* ExerciseLibraryView.swift in Sources */,
				4A205F1B84A811756887F936 /* ExerciseLibraryViewModel.swift in Sources */,
				4F7EE3E0669C021DC07611C5 /* ExercisePickerView.swift in Sources */,
				65043A9451AC4C885E5DE74D /* ExerciseProgressChart.swift in Sources */,
				DCCD3DC4B457552661D2B403 /* ExerciseService.swift in Sources */,
				D845EFD797BCEFC9EAAB9B9B /* FieldFormatting.swift in Sources */,
				4CA6457C1C842BB5EBDBD964 /* SupersetHelpers.swift in Sources */,
				B49C7F56E28AABCA83D84725 /* FieldValueInput.swift in Sources */,
				3A6472830ED18B92BCF73322 /* Flag.swift in Sources */,
				E8F201E30EAC9050BA6EF739 /* FlagAssignment.swift in Sources */,
				48A05B708F99BB85611BB6B7 /* FlagBadge.swift in Sources */,
				4B00A25CCF931AFA89D245D9 /* SupersetGroupIndicator.swift in Sources */,
				6F543ACB7A2CB339C25FF22F /* FlagFormView.swift in Sources */,
				2C390778D67AE2F11B8DCE08 /* FlagLibraryView.swift in Sources */,
				E5B779BD8F31A3A24D002DC4 /* FlagPicker.swift in Sources */,
				E612336C073A08FBEEE32873 /* FlagService.swift in Sources */,
				E9FBE6FAD4B683BC3803B477 /* FoodItem.swift in Sources */,
				763403FE6F1C6AEE38343C93 /* FoodItemNutrient.swift in Sources */,
				D6804BDD423F79639FE5967A /* GHISAApp.swift in Sources */,
				5D4EB7BD29C679AC007F0DE8 /* HealthKitMetricCard.swift in Sources */,
				E9EF4F5843E57A49CFC17EA5 /* HealthKitMetricGrid.swift in Sources */,
				3A945608B9D451A822003F5B /* HealthKitOnboardingCard.swift in Sources */,
				E313D15B22C6C639CE44D3BC /* HealthKitService.swift in Sources */,
				1A07BC3C0223C9B23B5D916A /* InsightsPlaceholderView.swift in Sources */,
				49BCD7CCD46669663F552588 /* MainTabView.swift in Sources */,
				4B91775048BEF771120EF599 /* MealCategory.swift in Sources */,
				D70FF73B135BF4FD1762B779 /* MealEntry.swift in Sources */,
				FE767B7154C59BBBBC9ABE04 /* MealTemplate.swift in Sources */,
				29DAD0880D69095A8A1D3B9D /* MealTemplateItem.swift in Sources */,
				CE393DFC1F6A0345B24D5703 /* NutrientDefinition.swift in Sources */,
				C72B55A5EE8638070CF69D24 /* NutritionTarget.swift in Sources */,
				B2641A78FC84FD5E540935C5 /* ProfilePlaceholderView.swift in Sources */,
				CB3FCDA5F3C925C86A77211E /* Recipe.swift in Sources */,
				49721A421DD9183BD512559D /* RecipeIngredient.swift in Sources */,
				6BBCC6B710190F2FCEE904D2 /* RoutineCardView.swift in Sources */,
				620A5B330DBC585EBD41585C /* RoutineExerciseRow.swift in Sources */,
				4FA5225DFABA6C33FC2097C5 /* RoutineFormView.swift in Sources */,
				4A726A90AD1CACEEBC418817 /* RoutineFormViewModel.swift in Sources */,
				EC53991905A14F51D0DC6CB2 /* RoutineListView.swift in Sources */,
				3BF35B3F5A5830A9C3985D28 /* RoutineListViewModel.swift in Sources */,
				2EA34EB20EA27A195F5C8FCB /* SaveAsRoutineSheet.swift in Sources */,
				C605C78A2CA71BBEB7EF0BE1 /* SetEntryRow.swift in Sources */,
				9D6D9AB558731AB9C679D3B0 /* SyncService.swift in Sources */,
				AA32FDD063C9F96D3CF44E92 /* Theme.swift in Sources */,
				9FF0A54823724A4F3A6B7863 /* TrainTabView.swift in Sources */,
				A39FA97C7445B32ED97A76AD /* TrainTabViewModel.swift in Sources */,
				4BCD5E8880597FEE81569064 /* TrainingPlaceholderView.swift in Sources */,
				234D00BA42131C6002611525 /* User.swift in Sources */,
				1141F2B4628E5D1100FA655E /* Workout.swift in Sources */,
				89017064482FEF54BF0234FD /* WorkoutDetailView.swift in Sources */,
				BF1542B923CA777BD7853F4A /* WorkoutExercise.swift in Sources */,
				DF2618CBF63048AA49D58292 /* WorkoutExerciseCard.swift in Sources */,
				387A652DBC65180E29802771 /* WorkoutHistoryListView.swift in Sources */,
				BF1FD2A072CC359F303AAECC /* WorkoutHistoryRow.swift in Sources */,
				2CD4372D473C99FF0C41A428 /* WorkoutService.swift in Sources */,
				D7F9C629AF3DB5DC573B871F /* WorkoutSet.swift in Sources */,
				50CD779C092DD89A413BFB44 /* WorkoutSetValue.swift in Sources */,
				1A782BB89FFBDF4EDB0BAC46 /* WorkoutTemplate.swift in Sources */,
				2499DB22EA6CB87E3D21BA72 /* WorkoutTemplateExercise.swift in Sources */,
				AC0DF86B37524E383EF50D7E /* WorkoutTemplateFieldTarget.swift in Sources */,
				C6DF810FF0DD47E65918313E /* WorkoutTemplateService.swift in Sources */,
			);
			runOnlyForDeploymentPostprocessing = 0;
		};
/* End PBXSourcesBuildPhase section */

/* Begin PBXTargetDependency section */
		896774CF49FD5A47A87086E8 /* PBXTargetDependency */ = {
			isa = PBXTargetDependency;
			target = 83CE40A888336F1CB3D848B3 /* GHISA */;
			targetProxy = 9B6F48F3D1F63A0AF093EFD8 /* PBXContainerItemProxy */;
		};
/* End PBXTargetDependency section */

/* Begin XCBuildConfiguration section */
		053D66D9C9DB5A2966AFD56E /* Debug */ = {
			isa = XCBuildConfiguration;
			buildSettings = {
				ASSETCATALOG_COMPILER_APPICON_NAME = AppIcon;
				CODE_SIGN_ENTITLEMENTS = GHISA/GHISA.entitlements;
				CODE_SIGN_IDENTITY = "iPhone Developer";
				CODE_SIGN_STYLE = Automatic;
				CURRENT_PROJECT_VERSION = 1;
				GENERATE_INFOPLIST_FILE = YES;
				INFOPLIST_KEY_NSHealthShareUsageDescription = "GHISA uses your health data to show how lifestyle factors affect your training performance.";
				INFOPLIST_KEY_UISupportedInterfaceOrientations = UIInterfaceOrientationPortrait;
				IPHONEOS_DEPLOYMENT_TARGET = 17.0;
				LD_RUNPATH_SEARCH_PATHS = (
					"$(inherited)",
					"@executable_path/Frameworks",
				);
				MARKETING_VERSION = 0.1.0;
				PRODUCT_BUNDLE_IDENTIFIER = com.ghisa.app;
				SDKROOT = iphoneos;
				SWIFT_STRICT_CONCURRENCY = complete;
				TARGETED_DEVICE_FAMILY = 1;
			};
			name = Debug;
		};
		48A943935728BCEC83213AFE /* Release */ = {
			isa = XCBuildConfiguration;
			buildSettings = {
				ALWAYS_SEARCH_USER_PATHS = NO;
				CLANG_ANALYZER_NONNULL = YES;
				CLANG_ANALYZER_NUMBER_OBJECT_CONVERSION = YES_AGGRESSIVE;
				CLANG_CXX_LANGUAGE_STANDARD = "gnu++14";
				CLANG_CXX_LIBRARY = "libc++";
				CLANG_ENABLE_MODULES = YES;
				CLANG_ENABLE_OBJC_ARC = YES;
				CLANG_ENABLE_OBJC_WEAK = YES;
				CLANG_WARN_BLOCK_CAPTURE_AUTORELEASING = YES;
				CLANG_WARN_BOOL_CONVERSION = YES;
				CLANG_WARN_COMMA = YES;
				CLANG_WARN_CONSTANT_CONVERSION = YES;
				CLANG_WARN_DEPRECATED_OBJC_IMPLEMENTATIONS = YES;
				CLANG_WARN_DIRECT_OBJC_ISA_USAGE = YES_ERROR;
				CLANG_WARN_DOCUMENTATION_COMMENTS = YES;
				CLANG_WARN_EMPTY_BODY = YES;
				CLANG_WARN_ENUM_CONVERSION = YES;
				CLANG_WARN_INFINITE_RECURSION = YES;
				CLANG_WARN_INT_CONVERSION = YES;
				CLANG_WARN_NON_LITERAL_NULL_CONVERSION = YES;
				CLANG_WARN_OBJC_IMPLICIT_RETAIN_SELF = YES;
				CLANG_WARN_OBJC_LITERAL_CONVERSION = YES;
				CLANG_WARN_OBJC_ROOT_CLASS = YES_ERROR;
				CLANG_WARN_QUOTED_INCLUDE_IN_FRAMEWORK_HEADER = YES;
				CLANG_WARN_RANGE_LOOP_ANALYSIS = YES;
				CLANG_WARN_STRICT_PROTOTYPES = YES;
				CLANG_WARN_SUSPICIOUS_MOVE = YES;
				CLANG_WARN_UNGUARDED_AVAILABILITY = YES_AGGRESSIVE;
				CLANG_WARN_UNREACHABLE_CODE = YES;
				CLANG_WARN__DUPLICATE_METHOD_MATCH = YES;
				COPY_PHASE_STRIP = NO;
				DEBUG_INFORMATION_FORMAT = "dwarf-with-dsym";
				ENABLE_NS_ASSERTIONS = NO;
				ENABLE_STRICT_OBJC_MSGSEND = YES;
				ENABLE_USER_SCRIPT_SANDBOXING = NO;
				GCC_C_LANGUAGE_STANDARD = gnu11;
				GCC_NO_COMMON_BLOCKS = YES;
				GCC_WARN_64_TO_32_BIT_CONVERSION = YES;
				GCC_WARN_ABOUT_RETURN_TYPE = YES_ERROR;
				GCC_WARN_UNDECLARED_SELECTOR = YES;
				GCC_WARN_UNINITIALIZED_AUTOS = YES_AGGRESSIVE;
				GCC_WARN_UNUSED_FUNCTION = YES;
				GCC_WARN_UNUSED_VARIABLE = YES;
				INFOPLIST_KEY_UILaunchScreen_Generation = YES;
				INFOPLIST_KEY_UISupportedInterfaceOrientations = UIInterfaceOrientationPortrait;
				IPHONEOS_DEPLOYMENT_TARGET = 17.0;
				MTL_ENABLE_DEBUG_INFO = NO;
				MTL_FAST_MATH = YES;
				PRODUCT_NAME = "$(TARGET_NAME)";
				SDKROOT = iphoneos;
				SWIFT_COMPILATION_MODE = wholemodule;
				SWIFT_OPTIMIZATION_LEVEL = "-O";
				SWIFT_VERSION = 6.0;
			};
			name = Release;
		};
		7E9EDDCA992CDFDE4FAB0979 /* Release */ = {
			isa = XCBuildConfiguration;
			buildSettings = {
				BUNDLE_LOADER = "$(TEST_HOST)";
				GENERATE_INFOPLIST_FILE = YES;
				IPHONEOS_DEPLOYMENT_TARGET = 17.0;
				LD_RUNPATH_SEARCH_PATHS = (
					"$(inherited)",
					"@executable_path/Frameworks",
					"@loader_path/Frameworks",
				);
				PRODUCT_BUNDLE_IDENTIFIER = com.ghisa.app.tests;
				SDKROOT = iphoneos;
				TARGETED_DEVICE_FAMILY = "1,2";
				TEST_HOST = "$(BUILT_PRODUCTS_DIR)/GHISA.app/$(BUNDLE_EXECUTABLE_FOLDER_PATH)/GHISA";
			};
			name = Release;
		};
		A5B10376E15799665F9B85AA /* Debug */ = {
			isa = XCBuildConfiguration;
			buildSettings = {
				BUNDLE_LOADER = "$(TEST_HOST)";
				GENERATE_INFOPLIST_FILE = YES;
				IPHONEOS_DEPLOYMENT_TARGET = 17.0;
				LD_RUNPATH_SEARCH_PATHS = (
					"$(inherited)",
					"@executable_path/Frameworks",
					"@loader_path/Frameworks",
				);
				PRODUCT_BUNDLE_IDENTIFIER = com.ghisa.app.tests;
				SDKROOT = iphoneos;
				TARGETED_DEVICE_FAMILY = "1,2";
				TEST_HOST = "$(BUILT_PRODUCTS_DIR)/GHISA.app/$(BUNDLE_EXECUTABLE_FOLDER_PATH)/GHISA";
			};
			name = Debug;
		};
		C57E87FBF05C009C60D09BEF /* Debug */ = {
			isa = XCBuildConfiguration;
			buildSettings = {
				ALWAYS_SEARCH_USER_PATHS = NO;
				CLANG_ANALYZER_NONNULL = YES;
				CLANG_ANALYZER_NUMBER_OBJECT_CONVERSION = YES_AGGRESSIVE;
				CLANG_CXX_LANGUAGE_STANDARD = "gnu++14";
				CLANG_CXX_LIBRARY = "libc++";
				CLANG_ENABLE_MODULES = YES;
				CLANG_ENABLE_OBJC_ARC = YES;
				CLANG_ENABLE_OBJC_WEAK = YES;
				CLANG_WARN_BLOCK_CAPTURE_AUTORELEASING = YES;
				CLANG_WARN_BOOL_CONVERSION = YES;
				CLANG_WARN_COMMA = YES;
				CLANG_WARN_CONSTANT_CONVERSION = YES;
				CLANG_WARN_DEPRECATED_OBJC_IMPLEMENTATIONS = YES;
				CLANG_WARN_DIRECT_OBJC_ISA_USAGE = YES_ERROR;
				CLANG_WARN_DOCUMENTATION_COMMENTS = YES;
				CLANG_WARN_EMPTY_BODY = YES;
				CLANG_WARN_ENUM_CONVERSION = YES;
				CLANG_WARN_INFINITE_RECURSION = YES;
				CLANG_WARN_INT_CONVERSION = YES;
				CLANG_WARN_NON_LITERAL_NULL_CONVERSION = YES;
				CLANG_WARN_OBJC_IMPLICIT_RETAIN_SELF = YES;
				CLANG_WARN_OBJC_LITERAL_CONVERSION = YES;
				CLANG_WARN_OBJC_ROOT_CLASS = YES_ERROR;
				CLANG_WARN_QUOTED_INCLUDE_IN_FRAMEWORK_HEADER = YES;
				CLANG_WARN_RANGE_LOOP_ANALYSIS = YES;
				CLANG_WARN_STRICT_PROTOTYPES = YES;
				CLANG_WARN_SUSPICIOUS_MOVE = YES;
				CLANG_WARN_UNGUARDED_AVAILABILITY = YES_AGGRESSIVE;
				CLANG_WARN_UNREACHABLE_CODE = YES;
				CLANG_WARN__DUPLICATE_METHOD_MATCH = YES;
				COPY_PHASE_STRIP = NO;
				DEBUG_INFORMATION_FORMAT = dwarf;
				ENABLE_STRICT_OBJC_MSGSEND = YES;
				ENABLE_TESTABILITY = YES;
				ENABLE_USER_SCRIPT_SANDBOXING = NO;
				GCC_C_LANGUAGE_STANDARD = gnu11;
				GCC_DYNAMIC_NO_PIC = NO;
				GCC_NO_COMMON_BLOCKS = YES;
				GCC_OPTIMIZATION_LEVEL = 0;
				GCC_PREPROCESSOR_DEFINITIONS = (
					"$(inherited)",
					"DEBUG=1",
				);
				GCC_WARN_64_TO_32_BIT_CONVERSION = YES;
				GCC_WARN_ABOUT_RETURN_TYPE = YES_ERROR;
				GCC_WARN_UNDECLARED_SELECTOR = YES;
				GCC_WARN_UNINITIALIZED_AUTOS = YES_AGGRESSIVE;
				GCC_WARN_UNUSED_FUNCTION = YES;
				GCC_WARN_UNUSED_VARIABLE = YES;
				INFOPLIST_KEY_UILaunchScreen_Generation = YES;
				INFOPLIST_KEY_UISupportedInterfaceOrientations = UIInterfaceOrientationPortrait;
				IPHONEOS_DEPLOYMENT_TARGET = 17.0;
				MTL_ENABLE_DEBUG_INFO = INCLUDE_SOURCE;
				MTL_FAST_MATH = YES;
				ONLY_ACTIVE_ARCH = YES;
				PRODUCT_NAME = "$(TARGET_NAME)";
				SDKROOT = iphoneos;
				SWIFT_ACTIVE_COMPILATION_CONDITIONS = DEBUG;
				SWIFT_OPTIMIZATION_LEVEL = "-Onone";
				SWIFT_VERSION = 6.0;
			};
			name = Debug;
		};
		F81C7436325562B30F247056 /* Release */ = {
			isa = XCBuildConfiguration;
			buildSettings = {
				ASSETCATALOG_COMPILER_APPICON_NAME = AppIcon;
				CODE_SIGN_ENTITLEMENTS = GHISA/GHISA.entitlements;
				CODE_SIGN_IDENTITY = "iPhone Developer";
				CODE_SIGN_STYLE = Automatic;
				CURRENT_PROJECT_VERSION = 1;
				GENERATE_INFOPLIST_FILE = YES;
				INFOPLIST_KEY_NSHealthShareUsageDescription = "GHISA uses your health data to show how lifestyle factors affect your training performance.";
				INFOPLIST_KEY_UISupportedInterfaceOrientations = UIInterfaceOrientationPortrait;
				IPHONEOS_DEPLOYMENT_TARGET = 17.0;
				LD_RUNPATH_SEARCH_PATHS = (
					"$(inherited)",
					"@executable_path/Frameworks",
				);
				MARKETING_VERSION = 0.1.0;
				PRODUCT_BUNDLE_IDENTIFIER = com.ghisa.app;
				SDKROOT = iphoneos;
				SWIFT_STRICT_CONCURRENCY = complete;
				TARGETED_DEVICE_FAMILY = 1;
			};
			name = Release;
		};
/* End XCBuildConfiguration section */

/* Begin XCConfigurationList section */
		6CC4BE0857BDC665E5EC81B3 /* Build configuration list for PBXProject "GHISA" */ = {
			isa = XCConfigurationList;
			buildConfigurations = (
				C57E87FBF05C009C60D09BEF /* Debug */,
				48A943935728BCEC83213AFE /* Release */,
			);
			defaultConfigurationIsVisible = 0;
			defaultConfigurationName = Debug;
		};
		97B734DFB2C07E0C370AA657 /* Build configuration list for PBXNativeTarget "GHISATests" */ = {
			isa = XCConfigurationList;
			buildConfigurations = (
				A5B10376E15799665F9B85AA /* Debug */,
				7E9EDDCA992CDFDE4FAB0979 /* Release */,
			);
			defaultConfigurationIsVisible = 0;
			defaultConfigurationName = Debug;
		};
		E770CDE76731A53ED6835B0B /* Build configuration list for PBXNativeTarget "GHISA" */ = {
			isa = XCConfigurationList;
			buildConfigurations = (
				053D66D9C9DB5A2966AFD56E /* Debug */,
				F81C7436325562B30F247056 /* Release */,
			);
			defaultConfigurationIsVisible = 0;
			defaultConfigurationName = Debug;
		};
/* End XCConfigurationList section */
	};
	rootObject = 2B145F5CC379371A02C8EE60 /* Project object */;
}
